{
    "name": "matrixlab",
    "version": "1.0.1",
    "lockfileVersion": 2,
    "requires": true,
    "packages": {
        "": {
            "name": "matrixlab",
            "version": "1.0.1",
            "license": "MIT",
            "dependencies": {
                "evaluator.js": "^3.2.3"
            }
        },
        "node_modules/evaluator.js": {
            "version": "3.2.3",
            "resolved": "https://registry.npmjs.org/evaluator.js/-/evaluator.js-3.2.3.tgz",
            "integrity": "sha512-NLINewWLW3auRZqCY560qM5Q/6bnXg95eexLLe/H79E+mzE3hNIIcKauw3Ha85m3MyRcbQBbdBxhYQSO/eubgg=="
        }
    },
    "dependencies": {
        "evaluator.js": {
            "version": "3.2.3",
            "resolved": "https://registry.npmjs.org/evaluator.js/-/evaluator.js-3.2.3.tgz",
            "integrity": "sha512-NLINewWLW3auRZqCY560qM5Q/6bnXg95eexLLe/H79E+mzE3hNIIcKauw3Ha85m3MyRcbQBbdBxhYQSO/eubgg=="
        }
    }
}
